# This file is autogenerated, do not edit; changes may be undone by the next 'dep ensure'.


[[projects]]
  branch = "master"
  name = "github.com/jehiah/go-strftime"
  packages = ["."]
  revision = "2efbe75097a505e2789f7e39cb9da067b5be8e3e"

[[projects]]
  name = "github.com/pkg/errors"
  packages = ["."]
  revision = "645ef00459ed84a119197bfb8d8205042c6df63d"
  version = "v0.8.0"

[solve-meta]
  analyzer-name = "dep"
  analyzer-version = 1
  inputs-digest = "256df8e693c01f381d5ac5ed0e35fbb0904b0cbbb3ff39fe69affc1bb9e3fa4a"
  solver-name = "gps-cdcl"
  solver-version = 1
